
Microsoft Visual Studio Solution File, Format Version 12.00
# Visual Studio 15
VisualStudioVersion = 15.0.28307.705
MinimumVisualStudioVersion = 10.0.40219.1
Project("{FAE04EC0-301F-11D3-BF4B-00C04F79EFBC}") = "Whos", "Whos\Whos.csproj", "{CBCD036C-5BB0-4AB8-A69A-D1EE83E35E30}"
EndProject
Global
	GlobalSection(SolutionConfigurationPlatforms) = preSolution
		Debug|Any CPU = Debug|Any CPU
		Release|Any CPU = Release|Any CPU
	EndGlobalSection
	GlobalSection(ProjectConfigurationPlatforms) = postSolution
		{CBCD036C-5BB0-4AB8-A69A-D1EE83E35E30}.Debug|Any CPU.ActiveCfg = Debug|Any CPU
		{CBCD036C-5BB0-4AB8-A69A-D1EE83E35E30}.Debug|Any CPU.Build.0 = Debug|Any CPU
		{CBCD036C-5BB0-4AB8-A69A-D1EE83E35E30}.Debug|Any CPU.Deploy.0 = Debug|Any CPU
		{CBCD036C-5BB0-4AB8-A69A-D1EE83E35E30}.Release|Any CPU.ActiveCfg = Release|Any CPU
		{CBCD036C-5BB0-4AB8-A69A-D1EE83E35E30}.Release|Any CPU.Build.0 = Release|Any CPU
		{CBCD036C-5BB0-4AB8-A69A-D1EE83E35E30}.Release|Any CPU.Deploy.0 = Release|Any CPU
	EndGlobalSection
	GlobalSection(SolutionProperties) = preSolution
		HideSolutionNode = FALSE
	EndGlobalSection
	GlobalSection(ExtensibilityGlobals) = postSolution
		SolutionGuid = {15788736-AFA5-41F5-B946-56D5A6761734}
	EndGlobalSection
EndGlobal
